
Microsoft Visual Studio Solution File, Format Version 12.00
# Visual Studio Version 16
VisualStudioVersion = 16.0.30907.101
MinimumVisualStudioVersion = 10.0.40219.1
Project("{FAE04EC0-301F-11D3-BF4B-00C04F79EFBC}") = "ExercicioPropostio", "ExercicioPropostio\ExercicioPropostio.csproj", "{0DE2409C-5B3F-4862-86E9-65F64AA7D221}"
EndProject
Global
	GlobalSection(SolutionConfigurationPlatforms) = preSolution
		Debug|Any CPU = Debug|Any CPU
		Release|Any CPU = Release|Any CPU
	EndGlobalSection
	GlobalSection(ProjectConfigurationPlatforms) = postSolution
		{0DE2409C-5B3F-4862-86E9-65F64AA7D221}.Debug|Any CPU.ActiveCfg = Debug|Any CPU
		{0DE2409C-5B3F-4862-86E9-65F64AA7D221}.Debug|Any CPU.Build.0 = Debug|Any CPU
		{0DE2409C-5B3F-4862-86E9-65F64AA7D221}.Release|Any CPU.ActiveCfg = Release|Any CPU
		{0DE2409C-5B3F-4862-86E9-65F64AA7D221}.Release|Any CPU.Build.0 = Release|Any CPU
	EndGlobalSection
	GlobalSection(SolutionProperties) = preSolution
		HideSolutionNode = FALSE
	EndGlobalSection
	GlobalSection(ExtensibilityGlobals) = postSolution
		SolutionGuid = {97AD5C21-467A-488C-99A9-515354B09269}
	EndGlobalSection
EndGlobal
